PODS:
  - FSCalendar (2.7.9)
  - Kanna (2.2.1)
  - Realm (2.9.0):
    - Realm/Headers (= 2.9.0)
  - Realm/Headers (2.9.0)
  - RealmSwift (2.9.0):
    - Realm (= 2.9.0)
  - SDWebImage (4.0.0):
    - SDWebImage/Core (= 4.0.0)
  - SDWebImage/Core (4.0.0)

DEPENDENCIES:
  - FSCalendar (~> 2.7)
  - Kanna (~> 2.1)
  - RealmSwift (~> 2.2)
  - SDWebImage (= 4.0)

SPEC CHECKSUMS:
  FSCalendar: a04b09f16f811bc92e82f3cf852a15225233b9d5
  Kanna: 182789ab065e8f9a6ccc2a74ce6283d3401c0c4a
  Realm: f14ab1673502559cb16592ddb8f383c474c13e05
  RealmSwift: 16ad2c187042c4934f49750375582fe508627dcb
  SDWebImage: 76a6348bdc74eb5a55dd08a091ef298e56b55e41

PODFILE CHECKSUM: 81c19fec3d9590ea3f6fcadce44f4fbefc455ab6

COCOAPODS: 1.2.1
