PODS:
  - FSCalendar (2.7.9)
  - Kanna (4.0.0)
  - PureLayout (3.0.2)
  - Result (4.0.0)
  - SDWebImage (4.4.2):
    - SDWebImage/Core (= 4.4.2)
  - SDWebImage/Core (4.4.2)
  - STPopup (1.8.3)

DEPENDENCIES:
  - FSCalendar (~> 2.7)
  - Kanna (~> 4.0)
  - PureLayout (~> 3.0)
  - Result (~> 4.0)
  - SDWebImage (~> 4.0)
  - STPopup (~> 1.8)

SPEC REPOS:
  https://github.com/cocoapods/specs.git:
    - FSCalendar
    - Kanna
    - PureLayout
    - Result
    - SDWebImage
    - STPopup

SPEC CHECKSUMS:
  FSCalendar: a04b09f16f811bc92e82f3cf852a15225233b9d5
  Kanna: d5ae2a26472f7e7a474e7f36a9cd8aa2c8c63ad3
  PureLayout: 4d550abe49a94f24c2808b9b95db9131685fe4cd
  Result: 7645bb3f50c2ce726dd0ff2fa7b6f42bbe6c3713
  SDWebImage: 624d6e296c69b244bcede364c72ae0430ac14681
  STPopup: da1167250a01584af7bcccb898653185f223ec46

PODFILE CHECKSUM: 3993ea10832d4265603a73e2f3f4645b2b4ccf00

COCOAPODS: 1.5.3
