PODS:
  - FSCalendar (2.7.9)
  - Kanna (2.1.1)
  - Realm (2.8.3):
    - Realm/Headers (= 2.8.3)
  - Realm/Headers (2.8.3)
  - RealmSwift (2.8.3):
    - Realm (= 2.8.3)
  - SDWebImage (4.0.0):
    - SDWebImage/Core (= 4.0.0)
  - SDWebImage/Core (4.0.0)

DEPENDENCIES:
  - FSCalendar (~> 2.7)
  - Kanna (~> 2.1.0)
  - RealmSwift (~> 2.2)
  - SDWebImage (= 4.0)

SPEC CHECKSUMS:
  FSCalendar: a04b09f16f811bc92e82f3cf852a15225233b9d5
  Kanna: 9b4b086c218703f2b94f5b21a466217dd2f9332e
  Realm: 3601ef091c8c499a31101d8563b991e75546cdce
  RealmSwift: 8183818515471b01a99abdd2970f8e4fd52b6f4a
  SDWebImage: 76a6348bdc74eb5a55dd08a091ef298e56b55e41

PODFILE CHECKSUM: 4c672994e2cbf49194c4babfeaa323d11553083d

COCOAPODS: 1.2.1
