// !$*UTF8*$!
{
	archiveVersion = 1;
	classes = {
	};
	objectVersion = 50;
	objects = {

/* Begin PBXBuildFile section */
		0705FCAA307463CDC6FDA012 /* Pods_menuol.framework in Frameworks */ = {isa = PBXBuildFile; fileRef = 39B7C623CDA2878232DB53E5 /* Pods_menuol.framework */; };
		4575F65EB36357399971DA7D /* Pods_unit_tests.framework in Frameworks */ = {isa = PBXBuildFile; fileRef = ED81724BE53D4A98F6E5D851 /* Pods_unit_tests.framework */; };
		EE0D20C62029E04B00C5F665 /* UITableView+oh.swift in Sources */ = {isa = PBXBuildFile; fileRef = EE0D20C52029E04B00C5F665 /* UITableView+oh.swift */; };
		EE172F6A211C1A9E0045B016 /* HTMLFetcherTests.swift in Sources */ = {isa = PBXBuildFile; fileRef = EE172F69211C1A9E0045B016 /* HTMLFetcherTests.swift */; };
		EE172F6C211D5C690045B016 /* StoryboardInstantiable.swift in Sources */ = {isa = PBXBuildFile; fileRef = EE172F6B211D5C690045B016 /* StoryboardInstantiable.swift */; };
		EE326F571F39CB6A00D28C75 /* CalendarViewController.swift in Sources */ = {isa = PBXBuildFile; fileRef = EE326F561F39CB6A00D28C75 /* CalendarViewController.swift */; };
		EE3DECB8212ED180002791E9 /* HTMLParserTests.swift in Sources */ = {isa = PBXBuildFile; fileRef = EE3DECB7212ED180002791E9 /* HTMLParserTests.swift */; };
		EE3DECBA212ED455002791E9 /* Venues.html in Resources */ = {isa = PBXBuildFile; fileRef = EE3DECB9212ED455002791E9 /* Venues.html */; };
		EE3DECBC212EF589002791E9 /* ExtensionsTests.swift in Sources */ = {isa = PBXBuildFile; fileRef = EE3DECBB212EF589002791E9 /* ExtensionsTests.swift */; };
		EE3DECBE212F0417002791E9 /* AppCoordinatorTests.swift in Sources */ = {isa = PBXBuildFile; fileRef = EE3DECBD212F0417002791E9 /* AppCoordinatorTests.swift */; };
		EE3DECC0212FF38A002791E9 /* AppDelegateTests.swift in Sources */ = {isa = PBXBuildFile; fileRef = EE3DECBF212FF38A002791E9 /* AppDelegateTests.swift */; };
		EE3DECC2212FF65A002791E9 /* Menu.html in Resources */ = {isa = PBXBuildFile; fileRef = EE3DECC1212FF65A002791E9 /* Menu.html */; };
		EE48EEBF1F1E132E004DA56D /* AppDelegate.swift in Sources */ = {isa = PBXBuildFile; fileRef = EE48EEBE1F1E132E004DA56D /* AppDelegate.swift */; };
		EE48EEC41F1E132E004DA56D /* Main.storyboard in Resources */ = {isa = PBXBuildFile; fileRef = EE48EEC21F1E132E004DA56D /* Main.storyboard */; };
		EE48EEC61F1E132E004DA56D /* Assets.xcassets in Resources */ = {isa = PBXBuildFile; fileRef = EE48EEC51F1E132E004DA56D /* Assets.xcassets */; };
		EE48EEC91F1E132F004DA56D /* LaunchScreen.storyboard in Resources */ = {isa = PBXBuildFile; fileRef = EE48EEC71F1E132E004DA56D /* LaunchScreen.storyboard */; };
		EE48EED31F1E3795004DA56D /* Venue.swift in Sources */ = {isa = PBXBuildFile; fileRef = EE48EED21F1E3795004DA56D /* Venue.swift */; };
		EE48EED51F1E3877004DA56D /* VenueManager.swift in Sources */ = {isa = PBXBuildFile; fileRef = EE48EED41F1E3877004DA56D /* VenueManager.swift */; };
		EE48EED71F1E3946004DA56D /* VenuesTableViewController.swift in Sources */ = {isa = PBXBuildFile; fileRef = EE48EED61F1E3946004DA56D /* VenuesTableViewController.swift */; };
		EE48EED91F1E3988004DA56D /* HTMLParser.swift in Sources */ = {isa = PBXBuildFile; fileRef = EE48EED81F1E3988004DA56D /* HTMLParser.swift */; };
		EE48EEDB1F1E4137004DA56D /* UIImage+oh.swift in Sources */ = {isa = PBXBuildFile; fileRef = EE48EEDA1F1E4137004DA56D /* UIImage+oh.swift */; };
		EE48EEDD1F1E423E004DA56D /* VenueTableViewCell.swift in Sources */ = {isa = PBXBuildFile; fileRef = EE48EEDC1F1E423E004DA56D /* VenueTableViewCell.swift */; };
		EE7894082114794700A1E18A /* AlertFactory.swift in Sources */ = {isa = PBXBuildFile; fileRef = EE7894072114794700A1E18A /* AlertFactory.swift */; };
		EE99C1C31F1F689E00C324AE /* MenuItem.swift in Sources */ = {isa = PBXBuildFile; fileRef = EE99C1C21F1F689E00C324AE /* MenuItem.swift */; };
		EE99C1C51F1F7C5B00C324AE /* MenuTableViewController.swift in Sources */ = {isa = PBXBuildFile; fileRef = EE99C1C41F1F7C5B00C324AE /* MenuTableViewController.swift */; };
		EE99C1C71F1F7CA500C324AE /* MenuItemTableViewCell.swift in Sources */ = {isa = PBXBuildFile; fileRef = EE99C1C61F1F7CA500C324AE /* MenuItemTableViewCell.swift */; };
		EE99C1CB1F20F5C800C324AE /* DateFormatter+oh.swift in Sources */ = {isa = PBXBuildFile; fileRef = EE99C1CA1F20F5C800C324AE /* DateFormatter+oh.swift */; };
		EE99C1DB1F29E7FC00C324AE /* String+oh.swift in Sources */ = {isa = PBXBuildFile; fileRef = EE99C1DA1F29E7FC00C324AE /* String+oh.swift */; };
		EEA597B620279F72004E2B79 /* HTMLFetcher.swift in Sources */ = {isa = PBXBuildFile; fileRef = EEA597B520279F72004E2B79 /* HTMLFetcher.swift */; };
		EEB612F0212D7FA900AA0C90 /* TestingAppDelegate.swift in Sources */ = {isa = PBXBuildFile; fileRef = EEB612EF212D7FA900AA0C90 /* TestingAppDelegate.swift */; };
		EEB612F2212D808800AA0C90 /* main.swift in Sources */ = {isa = PBXBuildFile; fileRef = EEB612F1212D808800AA0C90 /* main.swift */; };
		EEBBF6AD210772DE00DA58BA /* AppCoordinator.swift in Sources */ = {isa = PBXBuildFile; fileRef = EEBBF6AC210772DE00DA58BA /* AppCoordinator.swift */; };
/* End PBXBuildFile section */

/* Begin PBXContainerItemProxy section */
		EE172F64211C1A690045B016 /* PBXContainerItemProxy */ = {
			isa = PBXContainerItemProxy;
			containerPortal = EE48EEB31F1E132E004DA56D /* Project object */;
			proxyType = 1;
			remoteGlobalIDString = EE48EEBA1F1E132E004DA56D;
			remoteInfo = menuol;
		};
/* End PBXContainerItemProxy section */

/* Begin PBXFileReference section */
		0A8774E2FF50173B2F70F7F8 /* Pods-ui tests.debug.xcconfig */ = {isa = PBXFileReference; includeInIndex = 1; lastKnownFileType = text.xcconfig; name = "Pods-ui tests.debug.xcconfig"; path = "Pods/Target Support Files/Pods-ui tests/Pods-ui tests.debug.xcconfig"; sourceTree = "<group>"; };
		10FC3B1ACC2FECE047230590 /* Pods-ui tests.release.xcconfig */ = {isa = PBXFileReference; includeInIndex = 1; lastKnownFileType = text.xcconfig; name = "Pods-ui tests.release.xcconfig"; path = "Pods/Target Support Files/Pods-ui tests/Pods-ui tests.release.xcconfig"; sourceTree = "<group>"; };
		39B7C623CDA2878232DB53E5 /* Pods_menuol.framework */ = {isa = PBXFileReference; explicitFileType = wrapper.framework; includeInIndex = 0; path = Pods_menuol.framework; sourceTree = BUILT_PRODUCTS_DIR; };
		4DA536A8AD3521388847EA68 /* Pods_ui_tests.framework */ = {isa = PBXFileReference; explicitFileType = wrapper.framework; includeInIndex = 0; path = Pods_ui_tests.framework; sourceTree = BUILT_PRODUCTS_DIR; };
		50FC56F983C4E9E0220A55B9 /* Pods-menuol.debug.xcconfig */ = {isa = PBXFileReference; includeInIndex = 1; lastKnownFileType = text.xcconfig; name = "Pods-menuol.debug.xcconfig"; path = "Pods/Target Support Files/Pods-menuol/Pods-menuol.debug.xcconfig"; sourceTree = "<group>"; };
		7AC6D7F6F6835B164C20D3E1 /* Pods-unit tests.release.xcconfig */ = {isa = PBXFileReference; includeInIndex = 1; lastKnownFileType = text.xcconfig; name = "Pods-unit tests.release.xcconfig"; path = "Pods/Target Support Files/Pods-unit tests/Pods-unit tests.release.xcconfig"; sourceTree = "<group>"; };
		839ADD91E8FEB4995FC31A31 /* Pods_menuol_unit_tests.framework */ = {isa = PBXFileReference; explicitFileType = wrapper.framework; includeInIndex = 0; path = Pods_menuol_unit_tests.framework; sourceTree = BUILT_PRODUCTS_DIR; };
		A06315D78DCE4B9709DD17C0 /* Pods-menuol.release.xcconfig */ = {isa = PBXFileReference; includeInIndex = 1; lastKnownFileType = text.xcconfig; name = "Pods-menuol.release.xcconfig"; path = "Pods/Target Support Files/Pods-menuol/Pods-menuol.release.xcconfig"; sourceTree = "<group>"; };
		A2E4731372B81A0537D81136 /* Pods-menuol unit tests.debug.xcconfig */ = {isa = PBXFileReference; includeInIndex = 1; lastKnownFileType = text.xcconfig; name = "Pods-menuol unit tests.debug.xcconfig"; path = "Pods/Target Support Files/Pods-menuol unit tests/Pods-menuol unit tests.debug.xcconfig"; sourceTree = "<group>"; };
		C1BBBC9AC5BDDD7BD55CE983 /* Pods-menuol unit tests.release.xcconfig */ = {isa = PBXFileReference; includeInIndex = 1; lastKnownFileType = text.xcconfig; name = "Pods-menuol unit tests.release.xcconfig"; path = "Pods/Target Support Files/Pods-menuol unit tests/Pods-menuol unit tests.release.xcconfig"; sourceTree = "<group>"; };
		ED81724BE53D4A98F6E5D851 /* Pods_unit_tests.framework */ = {isa = PBXFileReference; explicitFileType = wrapper.framework; includeInIndex = 0; path = Pods_unit_tests.framework; sourceTree = BUILT_PRODUCTS_DIR; };
		EE0D20C52029E04B00C5F665 /* UITableView+oh.swift */ = {isa = PBXFileReference; fileEncoding = 4; lastKnownFileType = sourcecode.swift; path = "UITableView+oh.swift"; sourceTree = "<group>"; };
		EE172F5F211C1A690045B016 /* unit tests.xctest */ = {isa = PBXFileReference; explicitFileType = wrapper.cfbundle; includeInIndex = 0; path = "unit tests.xctest"; sourceTree = BUILT_PRODUCTS_DIR; };
		EE172F63211C1A690045B016 /* Info.plist */ = {isa = PBXFileReference; lastKnownFileType = text.plist.xml; path = Info.plist; sourceTree = "<group>"; };
		EE172F69211C1A9E0045B016 /* HTMLFetcherTests.swift */ = {isa = PBXFileReference; fileEncoding = 4; lastKnownFileType = sourcecode.swift; path = HTMLFetcherTests.swift; sourceTree = "<group>"; };
		EE172F6B211D5C690045B016 /* StoryboardInstantiable.swift */ = {isa = PBXFileReference; fileEncoding = 4; lastKnownFileType = sourcecode.swift; path = StoryboardInstantiable.swift; sourceTree = "<group>"; };
		EE326F561F39CB6A00D28C75 /* CalendarViewController.swift */ = {isa = PBXFileReference; fileEncoding = 4; lastKnownFileType = sourcecode.swift; path = CalendarViewController.swift; sourceTree = "<group>"; };
		EE3DECB7212ED180002791E9 /* HTMLParserTests.swift */ = {isa = PBXFileReference; fileEncoding = 4; lastKnownFileType = sourcecode.swift; path = HTMLParserTests.swift; sourceTree = "<group>"; };
		EE3DECB9212ED455002791E9 /* Venues.html */ = {isa = PBXFileReference; fileEncoding = 4; lastKnownFileType = text.html; path = Venues.html; sourceTree = "<group>"; };
		EE3DECBB212EF589002791E9 /* ExtensionsTests.swift */ = {isa = PBXFileReference; fileEncoding = 4; lastKnownFileType = sourcecode.swift; path = ExtensionsTests.swift; sourceTree = "<group>"; };
		EE3DECBD212F0417002791E9 /* AppCoordinatorTests.swift */ = {isa = PBXFileReference; fileEncoding = 4; lastKnownFileType = sourcecode.swift; path = AppCoordinatorTests.swift; sourceTree = "<group>"; };
		EE3DECBF212FF38A002791E9 /* AppDelegateTests.swift */ = {isa = PBXFileReference; fileEncoding = 4; lastKnownFileType = sourcecode.swift; path = AppDelegateTests.swift; sourceTree = "<group>"; };
		EE3DECC1212FF65A002791E9 /* Menu.html */ = {isa = PBXFileReference; fileEncoding = 4; lastKnownFileType = text.html; path = Menu.html; sourceTree = "<group>"; };
		EE48EEBB1F1E132E004DA56D /* menuol.app */ = {isa = PBXFileReference; explicitFileType = wrapper.application; includeInIndex = 0; path = menuol.app; sourceTree = BUILT_PRODUCTS_DIR; };
		EE48EEBE1F1E132E004DA56D /* AppDelegate.swift */ = {isa = PBXFileReference; lastKnownFileType = sourcecode.swift; path = AppDelegate.swift; sourceTree = "<group>"; };
		EE48EEC31F1E132E004DA56D /* Base */ = {isa = PBXFileReference; lastKnownFileType = file.storyboard; name = Base; path = Base.lproj/Main.storyboard; sourceTree = "<group>"; };
		EE48EEC51F1E132E004DA56D /* Assets.xcassets */ = {isa = PBXFileReference; lastKnownFileType = folder.assetcatalog; path = Assets.xcassets; sourceTree = "<group>"; };
		EE48EEC81F1E132F004DA56D /* Base */ = {isa = PBXFileReference; lastKnownFileType = file.storyboard; name = Base; path = Base.lproj/LaunchScreen.storyboard; sourceTree = "<group>"; };
		EE48EECA1F1E132F004DA56D /* Info.plist */ = {isa = PBXFileReference; lastKnownFileType = text.plist.xml; path = Info.plist; sourceTree = "<group>"; };
		EE48EED21F1E3795004DA56D /* Venue.swift */ = {isa = PBXFileReference; fileEncoding = 4; lastKnownFileType = sourcecode.swift; path = Venue.swift; sourceTree = "<group>"; };
		EE48EED41F1E3877004DA56D /* VenueManager.swift */ = {isa = PBXFileReference; fileEncoding = 4; lastKnownFileType = sourcecode.swift; path = VenueManager.swift; sourceTree = "<group>"; };
		EE48EED61F1E3946004DA56D /* VenuesTableViewController.swift */ = {isa = PBXFileReference; fileEncoding = 4; lastKnownFileType = sourcecode.swift; path = VenuesTableViewController.swift; sourceTree = "<group>"; };
		EE48EED81F1E3988004DA56D /* HTMLParser.swift */ = {isa = PBXFileReference; fileEncoding = 4; lastKnownFileType = sourcecode.swift; path = HTMLParser.swift; sourceTree = "<group>"; };
		EE48EEDA1F1E4137004DA56D /* UIImage+oh.swift */ = {isa = PBXFileReference; fileEncoding = 4; lastKnownFileType = sourcecode.swift; path = "UIImage+oh.swift"; sourceTree = "<group>"; };
		EE48EEDC1F1E423E004DA56D /* VenueTableViewCell.swift */ = {isa = PBXFileReference; fileEncoding = 4; lastKnownFileType = sourcecode.swift; path = VenueTableViewCell.swift; sourceTree = "<group>"; };
		EE7894072114794700A1E18A /* AlertFactory.swift */ = {isa = PBXFileReference; lastKnownFileType = sourcecode.swift; path = AlertFactory.swift; sourceTree = "<group>"; };
		EE99C1C21F1F689E00C324AE /* MenuItem.swift */ = {isa = PBXFileReference; fileEncoding = 4; lastKnownFileType = sourcecode.swift; path = MenuItem.swift; sourceTree = "<group>"; };
		EE99C1C41F1F7C5B00C324AE /* MenuTableViewController.swift */ = {isa = PBXFileReference; fileEncoding = 4; lastKnownFileType = sourcecode.swift; path = MenuTableViewController.swift; sourceTree = "<group>"; };
		EE99C1C61F1F7CA500C324AE /* MenuItemTableViewCell.swift */ = {isa = PBXFileReference; fileEncoding = 4; lastKnownFileType = sourcecode.swift; path = MenuItemTableViewCell.swift; sourceTree = "<group>"; };
		EE99C1CA1F20F5C800C324AE /* DateFormatter+oh.swift */ = {isa = PBXFileReference; fileEncoding = 4; lastKnownFileType = sourcecode.swift; path = "DateFormatter+oh.swift"; sourceTree = "<group>"; };
		EE99C1DA1F29E7FC00C324AE /* String+oh.swift */ = {isa = PBXFileReference; fileEncoding = 4; lastKnownFileType = sourcecode.swift; path = "String+oh.swift"; sourceTree = "<group>"; };
		EEA597B520279F72004E2B79 /* HTMLFetcher.swift */ = {isa = PBXFileReference; fileEncoding = 4; lastKnownFileType = sourcecode.swift; path = HTMLFetcher.swift; sourceTree = "<group>"; };
		EEB612EF212D7FA900AA0C90 /* TestingAppDelegate.swift */ = {isa = PBXFileReference; fileEncoding = 4; lastKnownFileType = sourcecode.swift; path = TestingAppDelegate.swift; sourceTree = "<group>"; };
		EEB612F1212D808800AA0C90 /* main.swift */ = {isa = PBXFileReference; fileEncoding = 4; lastKnownFileType = sourcecode.swift; path = main.swift; sourceTree = "<group>"; };
		EEBBF6AC210772DE00DA58BA /* AppCoordinator.swift */ = {isa = PBXFileReference; lastKnownFileType = sourcecode.swift; path = AppCoordinator.swift; sourceTree = "<group>"; };
		F0ADE6AA72F487F148DE56A6 /* Pods-unit tests.debug.xcconfig */ = {isa = PBXFileReference; includeInIndex = 1; lastKnownFileType = text.xcconfig; name = "Pods-unit tests.debug.xcconfig"; path = "Pods/Target Support Files/Pods-unit tests/Pods-unit tests.debug.xcconfig"; sourceTree = "<group>"; };
/* End PBXFileReference section */

/* Begin PBXFrameworksBuildPhase section */
		EE172F5C211C1A690045B016 /* Frameworks */ = {
			isa = PBXFrameworksBuildPhase;
			buildActionMask = 2147483647;
			files = (
				4575F65EB36357399971DA7D /* Pods_unit_tests.framework in Frameworks */,
			);
			runOnlyForDeploymentPostprocessing = 0;
		};
		EE48EEB81F1E132E004DA56D /* Frameworks */ = {
			isa = PBXFrameworksBuildPhase;
			buildActionMask = 2147483647;
			files = (
				0705FCAA307463CDC6FDA012 /* Pods_menuol.framework in Frameworks */,
			);
			runOnlyForDeploymentPostprocessing = 0;
		};
/* End PBXFrameworksBuildPhase section */

/* Begin PBXGroup section */
		1879BB4E2B68EAD5D4E3D302 /* Frameworks */ = {
			isa = PBXGroup;
			children = (
				39B7C623CDA2878232DB53E5 /* Pods_menuol.framework */,
				839ADD91E8FEB4995FC31A31 /* Pods_menuol_unit_tests.framework */,
				4DA536A8AD3521388847EA68 /* Pods_ui_tests.framework */,
				ED81724BE53D4A98F6E5D851 /* Pods_unit_tests.framework */,
			);
			name = Frameworks;
			sourceTree = "<group>";
		};
		6600F821EF847B44AE4D10DD /* Pods */ = {
			isa = PBXGroup;
			children = (
				50FC56F983C4E9E0220A55B9 /* Pods-menuol.debug.xcconfig */,
				A06315D78DCE4B9709DD17C0 /* Pods-menuol.release.xcconfig */,
				A2E4731372B81A0537D81136 /* Pods-menuol unit tests.debug.xcconfig */,
				C1BBBC9AC5BDDD7BD55CE983 /* Pods-menuol unit tests.release.xcconfig */,
				0A8774E2FF50173B2F70F7F8 /* Pods-ui tests.debug.xcconfig */,
				10FC3B1ACC2FECE047230590 /* Pods-ui tests.release.xcconfig */,
				F0ADE6AA72F487F148DE56A6 /* Pods-unit tests.debug.xcconfig */,
				7AC6D7F6F6835B164C20D3E1 /* Pods-unit tests.release.xcconfig */,
			);
			name = Pods;
			sourceTree = "<group>";
		};
		EE172F60211C1A690045B016 /* unit tests */ = {
			isa = PBXGroup;
			children = (
				EE3DECC1212FF65A002791E9 /* Menu.html */,
				EE3DECB9212ED455002791E9 /* Venues.html */,
				EE172F69211C1A9E0045B016 /* HTMLFetcherTests.swift */,
				EE3DECB7212ED180002791E9 /* HTMLParserTests.swift */,
				EE3DECBB212EF589002791E9 /* ExtensionsTests.swift */,
				EE3DECBD212F0417002791E9 /* AppCoordinatorTests.swift */,
				EE3DECBF212FF38A002791E9 /* AppDelegateTests.swift */,
				EE172F63211C1A690045B016 /* Info.plist */,
			);
			path = "unit tests";
			sourceTree = "<group>";
		};
		EE48EEB21F1E132E004DA56D = {
			isa = PBXGroup;
			children = (
				EE48EEBD1F1E132E004DA56D /* menuol */,
				EE172F60211C1A690045B016 /* unit tests */,
				EE48EEBC1F1E132E004DA56D /* Products */,
				6600F821EF847B44AE4D10DD /* Pods */,
				1879BB4E2B68EAD5D4E3D302 /* Frameworks */,
			);
			indentWidth = 2;
			sourceTree = "<group>";
			tabWidth = 2;
			usesTabs = 1;
		};
		EE48EEBC1F1E132E004DA56D /* Products */ = {
			isa = PBXGroup;
			children = (
				EE48EEBB1F1E132E004DA56D /* menuol.app */,
				EE172F5F211C1A690045B016 /* unit tests.xctest */,
			);
			name = Products;
			sourceTree = "<group>";
		};
		EE48EEBD1F1E132E004DA56D /* menuol */ = {
			isa = PBXGroup;
			children = (
				EEFB9CDC2066EEED0035542B /* Models */,
				EEBBF6A5210755BE00DA58BA /* Views */,
				EEFB9CDD2066EEFD0035542B /* Controllers */,
				EEFB9CDE2066EF340035542B /* Classes */,
				EEA597B32023CB87004E2B79 /* Extensions */,
				EEBBF6AE21085C2300DA58BA /* Support */,
				EEA597B42023CB9C004E2B79 /* Resources */,
			);
			path = menuol;
			sourceTree = "<group>";
		};
		EEA597B32023CB87004E2B79 /* Extensions */ = {
			isa = PBXGroup;
			children = (
				EE0D20C52029E04B00C5F665 /* UITableView+oh.swift */,
				EE48EEDA1F1E4137004DA56D /* UIImage+oh.swift */,
				EE99C1CA1F20F5C800C324AE /* DateFormatter+oh.swift */,
				EE99C1DA1F29E7FC00C324AE /* String+oh.swift */,
			);
			path = Extensions;
			sourceTree = "<group>";
		};
		EEA597B42023CB9C004E2B79 /* Resources */ = {
			isa = PBXGroup;
			children = (
				EE48EEC21F1E132E004DA56D /* Main.storyboard */,
				EE48EEC51F1E132E004DA56D /* Assets.xcassets */,
				EE48EEC71F1E132E004DA56D /* LaunchScreen.storyboard */,
			);
			path = Resources;
			sourceTree = "<group>";
		};
		EEBBF6A5210755BE00DA58BA /* Views */ = {
			isa = PBXGroup;
			children = (
				EE48EEDC1F1E423E004DA56D /* VenueTableViewCell.swift */,
				EE99C1C61F1F7CA500C324AE /* MenuItemTableViewCell.swift */,
			);
			path = Views;
			sourceTree = "<group>";
		};
		EEBBF6AE21085C2300DA58BA /* Support */ = {
			isa = PBXGroup;
			children = (
				EEB612F1212D808800AA0C90 /* main.swift */,
				EE48EEBE1F1E132E004DA56D /* AppDelegate.swift */,
				EEB612EF212D7FA900AA0C90 /* TestingAppDelegate.swift */,
				EE48EECA1F1E132F004DA56D /* Info.plist */,
			);
			path = Support;
			sourceTree = "<group>";
		};
		EEFB9CDC2066EEED0035542B /* Models */ = {
			isa = PBXGroup;
			children = (
				EE48EED21F1E3795004DA56D /* Venue.swift */,
				EE99C1C21F1F689E00C324AE /* MenuItem.swift */,
			);
			path = Models;
			sourceTree = "<group>";
		};
		EEFB9CDD2066EEFD0035542B /* Controllers */ = {
			isa = PBXGroup;
			children = (
				EE172F6B211D5C690045B016 /* StoryboardInstantiable.swift */,
				EE48EED61F1E3946004DA56D /* VenuesTableViewController.swift */,
				EE99C1C41F1F7C5B00C324AE /* MenuTableViewController.swift */,
				EE326F561F39CB6A00D28C75 /* CalendarViewController.swift */,
			);
			path = Controllers;
			sourceTree = "<group>";
		};
		EEFB9CDE2066EF340035542B /* Classes */ = {
			isa = PBXGroup;
			children = (
				EEA597B520279F72004E2B79 /* HTMLFetcher.swift */,
				EE48EED81F1E3988004DA56D /* HTMLParser.swift */,
				EE48EED41F1E3877004DA56D /* VenueManager.swift */,
				EEBBF6AC210772DE00DA58BA /* AppCoordinator.swift */,
				EE7894072114794700A1E18A /* AlertFactory.swift */,
			);
			path = Classes;
			sourceTree = "<group>";
		};
/* End PBXGroup section */

/* Begin PBXNativeTarget section */
		EE172F5E211C1A690045B016 /* unit tests */ = {
			isa = PBXNativeTarget;
			buildConfigurationList = EE172F68211C1A690045B016 /* Build configuration list for PBXNativeTarget "unit tests" */;
			buildPhases = (
				D8574356AD930AE442D2D173 /* [CP] Check Pods Manifest.lock */,
				EE172F5B211C1A690045B016 /* Sources */,
				EE172F5C211C1A690045B016 /* Frameworks */,
				EE172F5D211C1A690045B016 /* Resources */,
				97491FDA6890D136B5A11903 /* [CP] Embed Pods Frameworks */,
			);
			buildRules = (
			);
			dependencies = (
				EE172F65211C1A690045B016 /* PBXTargetDependency */,
			);
			name = "unit tests";
			productName = "menuol unit tests";
			productReference = EE172F5F211C1A690045B016 /* unit tests.xctest */;
			productType = "com.apple.product-type.bundle.unit-test";
		};
		EE48EEBA1F1E132E004DA56D /* menuol */ = {
			isa = PBXNativeTarget;
			buildConfigurationList = EE48EECD1F1E132F004DA56D /* Build configuration list for PBXNativeTarget "menuol" */;
			buildPhases = (
				39F0FBAEEA44D708F84BB214 /* [CP] Check Pods Manifest.lock */,
				EE48EEB71F1E132E004DA56D /* Sources */,
				EE48EEB81F1E132E004DA56D /* Frameworks */,
				EE48EEB91F1E132E004DA56D /* Resources */,
				863BE8150FFA94B2A9B8EB47 /* [CP] Embed Pods Frameworks */,
			);
			buildRules = (
			);
			dependencies = (
			);
			name = menuol;
			productName = menuol;
			productReference = EE48EEBB1F1E132E004DA56D /* menuol.app */;
			productType = "com.apple.product-type.application";
		};
/* End PBXNativeTarget section */

/* Begin PBXProject section */
		EE48EEB31F1E132E004DA56D /* Project object */ = {
			isa = PBXProject;
			attributes = {
				LastSwiftUpdateCheck = 0940;
				LastUpgradeCheck = 0940;
				ORGANIZATIONNAME = "Ondrej Hanak";
				TargetAttributes = {
					EE172F5E211C1A690045B016 = {
						CreatedOnToolsVersion = 9.4.1;
						DevelopmentTeam = RSQZ5T9DT6;
						LastSwiftMigration = 1000;
						ProvisioningStyle = Automatic;
						TestTargetID = EE48EEBA1F1E132E004DA56D;
					};
					EE48EEBA1F1E132E004DA56D = {
						CreatedOnToolsVersion = 8.3.3;
						DevelopmentTeam = RSQZ5T9DT6;
						LastSwiftMigration = 1000;
						ProvisioningStyle = Automatic;
					};
				};
			};
			buildConfigurationList = EE48EEB61F1E132E004DA56D /* Build configuration list for PBXProject "menuol" */;
			compatibilityVersion = "Xcode 9.3";
			developmentRegion = English;
			hasScannedForEncodings = 0;
			knownRegions = (
				en,
				Base,
			);
			mainGroup = EE48EEB21F1E132E004DA56D;
			productRefGroup = EE48EEBC1F1E132E004DA56D /* Products */;
			projectDirPath = "";
			projectRoot = "";
			targets = (
				EE48EEBA1F1E132E004DA56D /* menuol */,
				EE172F5E211C1A690045B016 /* unit tests */,
			);
		};
/* End PBXProject section */

/* Begin PBXResourcesBuildPhase section */
		EE172F5D211C1A690045B016 /* Resources */ = {
			isa = PBXResourcesBuildPhase;
			buildActionMask = 2147483647;
			files = (
				EE3DECBA212ED455002791E9 /* Venues.html in Resources */,
				EE3DECC2212FF65A002791E9 /* Menu.html in Resources */,
			);
			runOnlyForDeploymentPostprocessing = 0;
		};
		EE48EEB91F1E132E004DA56D /* Resources */ = {
			isa = PBXResourcesBuildPhase;
			buildActionMask = 2147483647;
			files = (
				EE48EEC91F1E132F004DA56D /* LaunchScreen.storyboard in Resources */,
				EE48EEC61F1E132E004DA56D /* Assets.xcassets in Resources */,
				EE48EEC41F1E132E004DA56D /* Main.storyboard in Resources */,
			);
			runOnlyForDeploymentPostprocessing = 0;
		};
/* End PBXResourcesBuildPhase section */

/* Begin PBXShellScriptBuildPhase section */
		39F0FBAEEA44D708F84BB214 /* [CP] Check Pods Manifest.lock */ = {
			isa = PBXShellScriptBuildPhase;
			buildActionMask = 2147483647;
			files = (
			);
			inputPaths = (
				"${PODS_PODFILE_DIR_PATH}/Podfile.lock",
				"${PODS_ROOT}/Manifest.lock",
			);
			name = "[CP] Check Pods Manifest.lock";
			outputPaths = (
				"$(DERIVED_FILE_DIR)/Pods-menuol-checkManifestLockResult.txt",
			);
			runOnlyForDeploymentPostprocessing = 0;
			shellPath = /bin/sh;
			shellScript = "diff \"${PODS_PODFILE_DIR_PATH}/Podfile.lock\" \"${PODS_ROOT}/Manifest.lock\" > /dev/null\nif [ $? != 0 ] ; then\n    # print error to STDERR\n    echo \"error: The sandbox is not in sync with the Podfile.lock. Run 'pod install' or update your CocoaPods installation.\" >&2\n    exit 1\nfi\n# This output is used by Xcode 'outputs' to avoid re-running this script phase.\necho \"SUCCESS\" > \"${SCRIPT_OUTPUT_FILE_0}\"\n";
			showEnvVarsInLog = 0;
		};
		863BE8150FFA94B2A9B8EB47 /* [CP] Embed Pods Frameworks */ = {
			isa = PBXShellScriptBuildPhase;
			buildActionMask = 2147483647;
			files = (
			);
			inputPaths = (
				"${SRCROOT}/Pods/Target Support Files/Pods-menuol/Pods-menuol-frameworks.sh",
				"${BUILT_PRODUCTS_DIR}/FSCalendar/FSCalendar.framework",
				"${BUILT_PRODUCTS_DIR}/Kanna/Kanna.framework",
				"${BUILT_PRODUCTS_DIR}/PureLayout/PureLayout.framework",
				"${BUILT_PRODUCTS_DIR}/Result/Result.framework",
				"${BUILT_PRODUCTS_DIR}/SDWebImage/SDWebImage.framework",
				"${BUILT_PRODUCTS_DIR}/STPopup/STPopup.framework",
			);
			name = "[CP] Embed Pods Frameworks";
			outputPaths = (
				"${TARGET_BUILD_DIR}/${FRAMEWORKS_FOLDER_PATH}/FSCalendar.framework",
				"${TARGET_BUILD_DIR}/${FRAMEWORKS_FOLDER_PATH}/Kanna.framework",
				"${TARGET_BUILD_DIR}/${FRAMEWORKS_FOLDER_PATH}/PureLayout.framework",
				"${TARGET_BUILD_DIR}/${FRAMEWORKS_FOLDER_PATH}/Result.framework",
				"${TARGET_BUILD_DIR}/${FRAMEWORKS_FOLDER_PATH}/SDWebImage.framework",
				"${TARGET_BUILD_DIR}/${FRAMEWORKS_FOLDER_PATH}/STPopup.framework",
			);
			runOnlyForDeploymentPostprocessing = 0;
			shellPath = /bin/sh;
			shellScript = "\"${SRCROOT}/Pods/Target Support Files/Pods-menuol/Pods-menuol-frameworks.sh\"\n";
			showEnvVarsInLog = 0;
		};
		97491FDA6890D136B5A11903 /* [CP] Embed Pods Frameworks */ = {
			isa = PBXShellScriptBuildPhase;
			buildActionMask = 2147483647;
			files = (
			);
			inputPaths = (
				"${SRCROOT}/Pods/Target Support Files/Pods-unit tests/Pods-unit tests-frameworks.sh",
				"${BUILT_PRODUCTS_DIR}/FSCalendar/FSCalendar.framework",
				"${BUILT_PRODUCTS_DIR}/Kanna/Kanna.framework",
				"${BUILT_PRODUCTS_DIR}/PureLayout/PureLayout.framework",
				"${BUILT_PRODUCTS_DIR}/Result/Result.framework",
				"${BUILT_PRODUCTS_DIR}/SDWebImage/SDWebImage.framework",
				"${BUILT_PRODUCTS_DIR}/STPopup/STPopup.framework",
			);
			name = "[CP] Embed Pods Frameworks";
			outputPaths = (
				"${TARGET_BUILD_DIR}/${FRAMEWORKS_FOLDER_PATH}/FSCalendar.framework",
				"${TARGET_BUILD_DIR}/${FRAMEWORKS_FOLDER_PATH}/Kanna.framework",
				"${TARGET_BUILD_DIR}/${FRAMEWORKS_FOLDER_PATH}/PureLayout.framework",
				"${TARGET_BUILD_DIR}/${FRAMEWORKS_FOLDER_PATH}/Result.framework",
				"${TARGET_BUILD_DIR}/${FRAMEWORKS_FOLDER_PATH}/SDWebImage.framework",
				"${TARGET_BUILD_DIR}/${FRAMEWORKS_FOLDER_PATH}/STPopup.framework",
			);
			runOnlyForDeploymentPostprocessing = 0;
			shellPath = /bin/sh;
			shellScript = "\"${SRCROOT}/Pods/Target Support Files/Pods-unit tests/Pods-unit tests-frameworks.sh\"\n";
			showEnvVarsInLog = 0;
		};
		D8574356AD930AE442D2D173 /* [CP] Check Pods Manifest.lock */ = {
			isa = PBXShellScriptBuildPhase;
			buildActionMask = 2147483647;
			files = (
			);
			inputPaths = (
				"${PODS_PODFILE_DIR_PATH}/Podfile.lock",
				"${PODS_ROOT}/Manifest.lock",
			);
			name = "[CP] Check Pods Manifest.lock";
			outputPaths = (
				"$(DERIVED_FILE_DIR)/Pods-unit tests-checkManifestLockResult.txt",
			);
			runOnlyForDeploymentPostprocessing = 0;
			shellPath = /bin/sh;
			shellScript = "diff \"${PODS_PODFILE_DIR_PATH}/Podfile.lock\" \"${PODS_ROOT}/Manifest.lock\" > /dev/null\nif [ $? != 0 ] ; then\n    # print error to STDERR\n    echo \"error: The sandbox is not in sync with the Podfile.lock. Run 'pod install' or update your CocoaPods installation.\" >&2\n    exit 1\nfi\n# This output is used by Xcode 'outputs' to avoid re-running this script phase.\necho \"SUCCESS\" > \"${SCRIPT_OUTPUT_FILE_0}\"\n";
			showEnvVarsInLog = 0;
		};
/* End PBXShellScriptBuildPhase section */

/* Begin PBXSourcesBuildPhase section */
		EE172F5B211C1A690045B016 /* Sources */ = {
			isa = PBXSourcesBuildPhase;
			buildActionMask = 2147483647;
			files = (
				EE3DECBE212F0417002791E9 /* AppCoordinatorTests.swift in Sources */,
				EE172F6A211C1A9E0045B016 /* HTMLFetcherTests.swift in Sources */,
				EE3DECB8212ED180002791E9 /* HTMLParserTests.swift in Sources */,
				EEB612F0212D7FA900AA0C90 /* TestingAppDelegate.swift in Sources */,
				EE3DECC0212FF38A002791E9 /* AppDelegateTests.swift in Sources */,
				EE3DECBC212EF589002791E9 /* ExtensionsTests.swift in Sources */,
			);
			runOnlyForDeploymentPostprocessing = 0;
		};
		EE48EEB71F1E132E004DA56D /* Sources */ = {
			isa = PBXSourcesBuildPhase;
			buildActionMask = 2147483647;
			files = (
				EEA597B620279F72004E2B79 /* HTMLFetcher.swift in Sources */,
				EE48EED31F1E3795004DA56D /* Venue.swift in Sources */,
				EEBBF6AD210772DE00DA58BA /* AppCoordinator.swift in Sources */,
				EE0D20C62029E04B00C5F665 /* UITableView+oh.swift in Sources */,
				EE172F6C211D5C690045B016 /* StoryboardInstantiable.swift in Sources */,
				EE48EEBF1F1E132E004DA56D /* AppDelegate.swift in Sources */,
				EE99C1CB1F20F5C800C324AE /* DateFormatter+oh.swift in Sources */,
				EE99C1C31F1F689E00C324AE /* MenuItem.swift in Sources */,
				EE48EEDD1F1E423E004DA56D /* VenueTableViewCell.swift in Sources */,
				EE48EED91F1E3988004DA56D /* HTMLParser.swift in Sources */,
				EE99C1C51F1F7C5B00C324AE /* MenuTableViewController.swift in Sources */,
				EE99C1DB1F29E7FC00C324AE /* String+oh.swift in Sources */,
				EE326F571F39CB6A00D28C75 /* CalendarViewController.swift in Sources */,
				EE48EED71F1E3946004DA56D /* VenuesTableViewController.swift in Sources */,
				EE48EEDB1F1E4137004DA56D /* UIImage+oh.swift in Sources */,
				EEB612F2212D808800AA0C90 /* main.swift in Sources */,
				EE48EED51F1E3877004DA56D /* VenueManager.swift in Sources */,
				EE99C1C71F1F7CA500C324AE /* MenuItemTableViewCell.swift in Sources */,
				EE7894082114794700A1E18A /* AlertFactory.swift in Sources */,
			);
			runOnlyForDeploymentPostprocessing = 0;
		};
/* End PBXSourcesBuildPhase section */

/* Begin PBXTargetDependency section */
		EE172F65211C1A690045B016 /* PBXTargetDependency */ = {
			isa = PBXTargetDependency;
			target = EE48EEBA1F1E132E004DA56D /* menuol */;
			targetProxy = EE172F64211C1A690045B016 /* PBXContainerItemProxy */;
		};
/* End PBXTargetDependency section */

/* Begin PBXVariantGroup section */
		EE48EEC21F1E132E004DA56D /* Main.storyboard */ = {
			isa = PBXVariantGroup;
			children = (
				EE48EEC31F1E132E004DA56D /* Base */,
			);
			name = Main.storyboard;
			sourceTree = "<group>";
		};
		EE48EEC71F1E132E004DA56D /* LaunchScreen.storyboard */ = {
			isa = PBXVariantGroup;
			children = (
				EE48EEC81F1E132F004DA56D /* Base */,
			);
			name = LaunchScreen.storyboard;
			sourceTree = "<group>";
		};
/* End PBXVariantGroup section */

/* Begin XCBuildConfiguration section */
		EE172F66211C1A690045B016 /* Debug */ = {
			isa = XCBuildConfiguration;
			baseConfigurationReference = F0ADE6AA72F487F148DE56A6 /* Pods-unit tests.debug.xcconfig */;
			buildSettings = {
				BUNDLE_LOADER = "$(TEST_HOST)";
				CLANG_CXX_LANGUAGE_STANDARD = "gnu++14";
				CLANG_ENABLE_MODULES = YES;
				CLANG_ENABLE_OBJC_WEAK = YES;
				CLANG_WARN_DEPRECATED_OBJC_IMPLEMENTATIONS = YES;
				CLANG_WARN_OBJC_IMPLICIT_RETAIN_SELF = YES;
				CLANG_WARN_UNGUARDED_AVAILABILITY = YES_AGGRESSIVE;
				CODE_SIGN_IDENTITY = "iPhone Developer";
				CODE_SIGN_STYLE = Automatic;
				DEVELOPMENT_TEAM = RSQZ5T9DT6;
				GCC_C_LANGUAGE_STANDARD = gnu11;
				INFOPLIST_FILE = "unit tests/Info.plist";
				IPHONEOS_DEPLOYMENT_TARGET = 11.4;
				LD_RUNPATH_SEARCH_PATHS = (
					"$(inherited)",
					"@executable_path/Frameworks",
					"@loader_path/Frameworks",
				);
				PRODUCT_BUNDLE_IDENTIFIER = "cz.ondrejhanak.menuol-unit-tests";
				PRODUCT_NAME = "$(TARGET_NAME)";
				SWIFT_OPTIMIZATION_LEVEL = "-Onone";
				SWIFT_VERSION = 4.2;
				TARGETED_DEVICE_FAMILY = "1,2";
				TEST_HOST = "$(BUILT_PRODUCTS_DIR)/menuol.app/menuol";
			};
			name = Debug;
		};
		EE172F67211C1A690045B016 /* Release */ = {
			isa = XCBuildConfiguration;
			baseConfigurationReference = 7AC6D7F6F6835B164C20D3E1 /* Pods-unit tests.release.xcconfig */;
			buildSettings = {
				BUNDLE_LOADER = "$(TEST_HOST)";
				CLANG_CXX_LANGUAGE_STANDARD = "gnu++14";
				CLANG_ENABLE_MODULES = YES;
				CLANG_ENABLE_OBJC_WEAK = YES;
				CLANG_WARN_DEPRECATED_OBJC_IMPLEMENTATIONS = YES;
				CLANG_WARN_OBJC_IMPLICIT_RETAIN_SELF = YES;
				CLANG_WARN_UNGUARDED_AVAILABILITY = YES_AGGRESSIVE;
				CODE_SIGN_IDENTITY = "iPhone Developer";
				CODE_SIGN_STYLE = Automatic;
				DEVELOPMENT_TEAM = RSQZ5T9DT6;
				GCC_C_LANGUAGE_STANDARD = gnu11;
				INFOPLIST_FILE = "unit tests/Info.plist";
				IPHONEOS_DEPLOYMENT_TARGET = 11.4;
				LD_RUNPATH_SEARCH_PATHS = (
					"$(inherited)",
					"@executable_path/Frameworks",
					"@loader_path/Frameworks",
				);
				PRODUCT_BUNDLE_IDENTIFIER = "cz.ondrejhanak.menuol-unit-tests";
				PRODUCT_NAME = "$(TARGET_NAME)";
				SWIFT_VERSION = 4.2;
				TARGETED_DEVICE_FAMILY = "1,2";
				TEST_HOST = "$(BUILT_PRODUCTS_DIR)/menuol.app/menuol";
			};
			name = Release;
		};
		EE48EECB1F1E132F004DA56D /* Debug */ = {
			isa = XCBuildConfiguration;
			buildSettings = {
				ALWAYS_SEARCH_USER_PATHS = NO;
				CLANG_ANALYZER_NONNULL = YES;
				CLANG_ANALYZER_NUMBER_OBJECT_CONVERSION = YES_AGGRESSIVE;
				CLANG_CXX_LANGUAGE_STANDARD = "gnu++0x";
				CLANG_CXX_LIBRARY = "libc++";
				CLANG_ENABLE_MODULES = YES;
				CLANG_ENABLE_OBJC_ARC = YES;
				CLANG_WARN_BLOCK_CAPTURE_AUTORELEASING = YES;
				CLANG_WARN_BOOL_CONVERSION = YES;
				CLANG_WARN_COMMA = YES;
				CLANG_WARN_CONSTANT_CONVERSION = YES;
				CLANG_WARN_DEPRECATED_OBJC_IMPLEMENTATIONS = YES;
				CLANG_WARN_DIRECT_OBJC_ISA_USAGE = YES_ERROR;
				CLANG_WARN_DOCUMENTATION_COMMENTS = YES;
				CLANG_WARN_EMPTY_BODY = YES;
				CLANG_WARN_ENUM_CONVERSION = YES;
				CLANG_WARN_INFINITE_RECURSION = YES;
				CLANG_WARN_INT_CONVERSION = YES;
				CLANG_WARN_NON_LITERAL_NULL_CONVERSION = YES;
				CLANG_WARN_OBJC_IMPLICIT_RETAIN_SELF = YES;
				CLANG_WARN_OBJC_LITERAL_CONVERSION = YES;
				CLANG_WARN_OBJC_ROOT_CLASS = YES_ERROR;
				CLANG_WARN_RANGE_LOOP_ANALYSIS = YES;
				CLANG_WARN_STRICT_PROTOTYPES = YES;
				CLANG_WARN_SUSPICIOUS_MOVE = YES;
				CLANG_WARN_UNREACHABLE_CODE = YES;
				CLANG_WARN__DUPLICATE_METHOD_MATCH = YES;
				"CODE_SIGN_IDENTITY[sdk=iphoneos*]" = "iPhone Developer";
				COPY_PHASE_STRIP = NO;
				DEBUG_INFORMATION_FORMAT = dwarf;
				ENABLE_STRICT_OBJC_MSGSEND = YES;
				ENABLE_TESTABILITY = YES;
				GCC_C_LANGUAGE_STANDARD = gnu99;
				GCC_DYNAMIC_NO_PIC = NO;
				GCC_NO_COMMON_BLOCKS = YES;
				GCC_OPTIMIZATION_LEVEL = 0;
				GCC_PREPROCESSOR_DEFINITIONS = (
					"DEBUG=1",
					"$(inherited)",
				);
				GCC_WARN_64_TO_32_BIT_CONVERSION = YES;
				GCC_WARN_ABOUT_RETURN_TYPE = YES_ERROR;
				GCC_WARN_UNDECLARED_SELECTOR = YES;
				GCC_WARN_UNINITIALIZED_AUTOS = YES_AGGRESSIVE;
				GCC_WARN_UNUSED_FUNCTION = YES;
				GCC_WARN_UNUSED_VARIABLE = YES;
				IPHONEOS_DEPLOYMENT_TARGET = 11.0;
				MTL_ENABLE_DEBUG_INFO = YES;
				ONLY_ACTIVE_ARCH = YES;
				SDKROOT = iphoneos;
				SWIFT_ACTIVE_COMPILATION_CONDITIONS = DEBUG;
				SWIFT_OPTIMIZATION_LEVEL = "-Onone";
				TARGETED_DEVICE_FAMILY = "1,2";
			};
			name = Debug;
		};
		EE48EECC1F1E132F004DA56D /* Release */ = {
			isa = XCBuildConfiguration;
			buildSettings = {
				ALWAYS_SEARCH_USER_PATHS = NO;
				CLANG_ANALYZER_NONNULL = YES;
				CLANG_ANALYZER_NUMBER_OBJECT_CONVERSION = YES_AGGRESSIVE;
				CLANG_CXX_LANGUAGE_STANDARD = "gnu++0x";
				CLANG_CXX_LIBRARY = "libc++";
				CLANG_ENABLE_MODULES = YES;
				CLANG_ENABLE_OBJC_ARC = YES;
				CLANG_WARN_BLOCK_CAPTURE_AUTORELEASING = YES;
				CLANG_WARN_BOOL_CONVERSION = YES;
				CLANG_WARN_COMMA = YES;
				CLANG_WARN_CONSTANT_CONVERSION = YES;
				CLANG_WARN_DEPRECATED_OBJC_IMPLEMENTATIONS = YES;
				CLANG_WARN_DIRECT_OBJC_ISA_USAGE = YES_ERROR;
				CLANG_WARN_DOCUMENTATION_COMMENTS = YES;
				CLANG_WARN_EMPTY_BODY = YES;
				CLANG_WARN_ENUM_CONVERSION = YES;
				CLANG_WARN_INFINITE_RECURSION = YES;
				CLANG_WARN_INT_CONVERSION = YES;
				CLANG_WARN_NON_LITERAL_NULL_CONVERSION = YES;
				CLANG_WARN_OBJC_IMPLICIT_RETAIN_SELF = YES;
				CLANG_WARN_OBJC_LITERAL_CONVERSION = YES;
				CLANG_WARN_OBJC_ROOT_CLASS = YES_ERROR;
				CLANG_WARN_RANGE_LOOP_ANALYSIS = YES;
				CLANG_WARN_STRICT_PROTOTYPES = YES;
				CLANG_WARN_SUSPICIOUS_MOVE = YES;
				CLANG_WARN_UNREACHABLE_CODE = YES;
				CLANG_WARN__DUPLICATE_METHOD_MATCH = YES;
				"CODE_SIGN_IDENTITY[sdk=iphoneos*]" = "iPhone Developer";
				COPY_PHASE_STRIP = NO;
				DEBUG_INFORMATION_FORMAT = "dwarf-with-dsym";
				ENABLE_NS_ASSERTIONS = NO;
				ENABLE_STRICT_OBJC_MSGSEND = YES;
				GCC_C_LANGUAGE_STANDARD = gnu99;
				GCC_NO_COMMON_BLOCKS = YES;
				GCC_WARN_64_TO_32_BIT_CONVERSION = YES;
				GCC_WARN_ABOUT_RETURN_TYPE = YES_ERROR;
				GCC_WARN_UNDECLARED_SELECTOR = YES;
				GCC_WARN_UNINITIALIZED_AUTOS = YES_AGGRESSIVE;
				GCC_WARN_UNUSED_FUNCTION = YES;
				GCC_WARN_UNUSED_VARIABLE = YES;
				IPHONEOS_DEPLOYMENT_TARGET = 11.0;
				MTL_ENABLE_DEBUG_INFO = NO;
				SDKROOT = iphoneos;
				SWIFT_COMPILATION_MODE = wholemodule;
				SWIFT_OPTIMIZATION_LEVEL = "-O";
				TARGETED_DEVICE_FAMILY = "1,2";
				VALIDATE_PRODUCT = YES;
			};
			name = Release;
		};
		EE48EECE1F1E132F004DA56D /* Debug */ = {
			isa = XCBuildConfiguration;
			baseConfigurationReference = 50FC56F983C4E9E0220A55B9 /* Pods-menuol.debug.xcconfig */;
			buildSettings = {
				ASSETCATALOG_COMPILER_APPICON_NAME = AppIcon;
				DEVELOPMENT_TEAM = RSQZ5T9DT6;
				INFOPLIST_FILE = "$(SRCROOT)/menuol/Support/Info.plist";
				LD_RUNPATH_SEARCH_PATHS = (
					"$(inherited)",
					"@executable_path/Frameworks",
				);
				PRODUCT_BUNDLE_IDENTIFIER = cz.ondrejhanak.menuol;
				PRODUCT_NAME = "$(TARGET_NAME)";
				SWIFT_VERSION = 4.2;
				TARGETED_DEVICE_FAMILY = "1,2";
			};
			name = Debug;
		};
		EE48EECF1F1E132F004DA56D /* Release */ = {
			isa = XCBuildConfiguration;
			baseConfigurationReference = A06315D78DCE4B9709DD17C0 /* Pods-menuol.release.xcconfig */;
			buildSettings = {
				ASSETCATALOG_COMPILER_APPICON_NAME = AppIcon;
				DEVELOPMENT_TEAM = RSQZ5T9DT6;
				INFOPLIST_FILE = "$(SRCROOT)/menuol/Support/Info.plist";
				LD_RUNPATH_SEARCH_PATHS = (
					"$(inherited)",
					"@executable_path/Frameworks",
				);
				PRODUCT_BUNDLE_IDENTIFIER = cz.ondrejhanak.menuol;
				PRODUCT_NAME = "$(TARGET_NAME)";
				SWIFT_VERSION = 4.2;
				TARGETED_DEVICE_FAMILY = "1,2";
			};
			name = Release;
		};
/* End XCBuildConfiguration section */

/* Begin XCConfigurationList section */
		EE172F68211C1A690045B016 /* Build configuration list for PBXNativeTarget "unit tests" */ = {
			isa = XCConfigurationList;
			buildConfigurations = (
				EE172F66211C1A690045B016 /* Debug */,
				EE172F67211C1A690045B016 /* Release */,
			);
			defaultConfigurationIsVisible = 0;
			defaultConfigurationName = Release;
		};
		EE48EEB61F1E132E004DA56D /* Build configuration list for PBXProject "menuol" */ = {
			isa = XCConfigurationList;
			buildConfigurations = (
				EE48EECB1F1E132F004DA56D /* Debug */,
				EE48EECC1F1E132F004DA56D /* Release */,
			);
			defaultConfigurationIsVisible = 0;
			defaultConfigurationName = Release;
		};
		EE48EECD1F1E132F004DA56D /* Build configuration list for PBXNativeTarget "menuol" */ = {
			isa = XCConfigurationList;
			buildConfigurations = (
				EE48EECE1F1E132F004DA56D /* Debug */,
				EE48EECF1F1E132F004DA56D /* Release */,
			);
			defaultConfigurationIsVisible = 0;
			defaultConfigurationName = Release;
		};
/* End XCConfigurationList section */
	};
	rootObject = EE48EEB31F1E132E004DA56D /* Project object */;
}
